
Microsoft Visual Studio Solution File, Format Version 12.00
# Visual Studio 15
VisualStudioVersion = 15.0.27130.2010
MinimumVisualStudioVersion = 10.0.40219.1
Project("{FAE04EC0-301F-11D3-BF4B-00C04F79EFBC}") = "GuiStracini.HolidayAPI", "GuiStracini.HolidayAPI\GuiStracini.HolidayAPI.csproj", "{28EEBAAA-5ADA-45A1-A23F-BB058B287A33}"
EndProject
Project("{FAE04EC0-301F-11D3-BF4B-00C04F79EFBC}") = "GuiStracini.HolidayAPI.Tests", "GuiStracini.HolidayAPI.Tests\GuiStracini.HolidayAPI.Tests.csproj", "{A14E9DAC-2237-4D64-93CC-776CCDE3C7C7}"
EndProject
Global
	GlobalSection(SolutionConfigurationPlatforms) = preSolution
		Debug|Any CPU = Debug|Any CPU
		Release|Any CPU = Release|Any CPU
	EndGlobalSection
	GlobalSection(ProjectConfigurationPlatforms) = postSolution
		{28EEBAAA-5ADA-45A1-A23F-BB058B287A33}.Debug|Any CPU.ActiveCfg = Debug|Any CPU
		{28EEBAAA-5ADA-45A1-A23F-BB058B287A33}.Debug|Any CPU.Build.0 = Debug|Any CPU
		{28EEBAAA-5ADA-45A1-A23F-BB058B287A33}.Release|Any CPU.ActiveCfg = Release|Any CPU
		{28EEBAAA-5ADA-45A1-A23F-BB058B287A33}.Release|Any CPU.Build.0 = Release|Any CPU
		{A14E9DAC-2237-4D64-93CC-776CCDE3C7C7}.Debug|Any CPU.ActiveCfg = Debug|Any CPU
		{A14E9DAC-2237-4D64-93CC-776CCDE3C7C7}.Debug|Any CPU.Build.0 = Debug|Any CPU
		{A14E9DAC-2237-4D64-93CC-776CCDE3C7C7}.Release|Any CPU.ActiveCfg = Release|Any CPU
		{A14E9DAC-2237-4D64-93CC-776CCDE3C7C7}.Release|Any CPU.Build.0 = Release|Any CPU
	EndGlobalSection
	GlobalSection(SolutionProperties) = preSolution
		HideSolutionNode = FALSE
	EndGlobalSection
	GlobalSection(ExtensibilityGlobals) = postSolution
		SolutionGuid = {5A46A904-25F9-4440-844D-D5EB8549A4A0}
	EndGlobalSection
EndGlobal
